// !$*UTF8*$!
{
	archiveVersion = 1;
	classes = {
	};
	objectVersion = 55;
	objects = {

/* Begin PBXBuildFile section */
		7507B789286AE4330040D202 /* ShowCollectionViewCell.swift in Sources */ = {isa = PBXBuildFile; fileRef = 7507B788286AE4330040D202 /* ShowCollectionViewCell.swift */; };
		7507B78B286AED320040D202 /* ShowsViewController.swift in Sources */ = {isa = PBXBuildFile; fileRef = 7507B78A286AED320040D202 /* ShowsViewController.swift */; };
		7507B78D286CB9220040D202 /* ShowsViewModel.swift in Sources */ = {isa = PBXBuildFile; fileRef = 7507B78C286CB9220040D202 /* ShowsViewModel.swift */; };
		7507B78F286D00DB0040D202 /* SeatSelectionViewController.swift in Sources */ = {isa = PBXBuildFile; fileRef = 7507B78E286D00DB0040D202 /* SeatSelectionViewController.swift */; };
		7507B791286D0DB80040D202 /* SeatCollectionViewCell.swift in Sources */ = {isa = PBXBuildFile; fileRef = 7507B790286D0DB80040D202 /* SeatCollectionViewCell.swift */; };
		7507B793286D0E9E0040D202 /* SelectedSeatCollectionViewCell.swift in Sources */ = {isa = PBXBuildFile; fileRef = 7507B792286D0E9E0040D202 /* SelectedSeatCollectionViewCell.swift */; };
		7581A3CE284CC12500BEDFD3 /* GoogleService-Info.plist in Resources */ = {isa = PBXBuildFile; fileRef = 7581A3CD284CC12500BEDFD3 /* GoogleService-Info.plist */; };
		7581A3DB284CEAFC00BEDFD3 /* SignInController.swift in Sources */ = {isa = PBXBuildFile; fileRef = 7581A3DA284CEAFC00BEDFD3 /* SignInController.swift */; };
		7581A3DD284D000400BEDFD3 /* SignUpController.swift in Sources */ = {isa = PBXBuildFile; fileRef = 7581A3DC284D000400BEDFD3 /* SignUpController.swift */; };
		7581A3DF284D05CF00BEDFD3 /* HomePageController.swift in Sources */ = {isa = PBXBuildFile; fileRef = 7581A3DE284D05CF00BEDFD3 /* HomePageController.swift */; };
		75EDC195286DBE9A00921723 /* CheckoutViewController.swift in Sources */ = {isa = PBXBuildFile; fileRef = 75EDC194286DBE9A00921723 /* CheckoutViewController.swift */; };
		75EE759F284CB92D007D09A6 /* AppDelegate.swift in Sources */ = {isa = PBXBuildFile; fileRef = 75EE759E284CB92D007D09A6 /* AppDelegate.swift */; };
		75EE75A1284CB92D007D09A6 /* SceneDelegate.swift in Sources */ = {isa = PBXBuildFile; fileRef = 75EE75A0284CB92D007D09A6 /* SceneDelegate.swift */; };
		75EE75A6284CB92D007D09A6 /* Main.storyboard in Resources */ = {isa = PBXBuildFile; fileRef = 75EE75A4284CB92D007D09A6 /* Main.storyboard */; };
		75EE75A8284CB930007D09A6 /* Assets.xcassets in Resources */ = {isa = PBXBuildFile; fileRef = 75EE75A7284CB930007D09A6 /* Assets.xcassets */; };
		75EE75AB284CB930007D09A6 /* LaunchScreen.storyboard in Resources */ = {isa = PBXBuildFile; fileRef = 75EE75A9284CB930007D09A6 /* LaunchScreen.storyboard */; };
		75EF3964285BB50A00F3467B /* Utils.swift in Sources */ = {isa = PBXBuildFile; fileRef = 75EF3963285BB50A00F3467B /* Utils.swift */; };
		75EF3966285BD4BC00F3467B /* User.swift in Sources */ = {isa = PBXBuildFile; fileRef = 75EF3965285BD4BC00F3467B /* User.swift */; };
		75F1620C2862725800BAB121 /* ComedianCollectionViewCell.swift in Sources */ = {isa = PBXBuildFile; fileRef = 75F1620B2862725800BAB121 /* ComedianCollectionViewCell.swift */; };
		75F1620E286274E800BAB121 /* ComediansViewModel.swift in Sources */ = {isa = PBXBuildFile; fileRef = 75F1620D286274E800BAB121 /* ComediansViewModel.swift */; };
		75FACEC9285C18BD00424133 /* UserRepository.swift in Sources */ = {isa = PBXBuildFile; fileRef = 75FACEC8285C18BD00424133 /* UserRepository.swift */; };
		75FACECB285C18E900424133 /* DataRepository.swift in Sources */ = {isa = PBXBuildFile; fileRef = 75FACECA285C18E900424133 /* DataRepository.swift */; };
		75FACECF285C19DE00424133 /* Show.swift in Sources */ = {isa = PBXBuildFile; fileRef = 75FACECE285C19DE00424133 /* Show.swift */; };
		75FACED1285C1AAC00424133 /* Seat.swift in Sources */ = {isa = PBXBuildFile; fileRef = 75FACED0285C1AAC00424133 /* Seat.swift */; };
		75FACED3285C210500424133 /* Comedian.swift in Sources */ = {isa = PBXBuildFile; fileRef = 75FACED2285C210500424133 /* Comedian.swift */; };
		8B3AB7996A2C21D443B2ABFA /* Pods_ComedyBook.framework in Frameworks */ = {isa = PBXBuildFile; fileRef = 6E6836C3C934B0A8E50E9A68 /* Pods_ComedyBook.framework */; };
/* End PBXBuildFile section */

/* Begin PBXFileReference section */
		34CAA8A2C37CE72DAE73F19E /* Pods-ComedyBook.release.xcconfig */ = {isa = PBXFileReference; includeInIndex = 1; lastKnownFileType = text.xcconfig; name = "Pods-ComedyBook.release.xcconfig"; path = "Target Support Files/Pods-ComedyBook/Pods-ComedyBook.release.xcconfig"; sourceTree = "<group>"; };
		6E6836C3C934B0A8E50E9A68 /* Pods_ComedyBook.framework */ = {isa = PBXFileReference; explicitFileType = wrapper.framework; includeInIndex = 0; path = Pods_ComedyBook.framework; sourceTree = BUILT_PRODUCTS_DIR; };
		7507B788286AE4330040D202 /* ShowCollectionViewCell.swift */ = {isa = PBXFileReference; lastKnownFileType = sourcecode.swift; path = ShowCollectionViewCell.swift; sourceTree = "<group>"; };
		7507B78A286AED320040D202 /* ShowsViewController.swift */ = {isa = PBXFileReference; lastKnownFileType = sourcecode.swift; path = ShowsViewController.swift; sourceTree = "<group>"; };
		7507B78C286CB9220040D202 /* ShowsViewModel.swift */ = {isa = PBXFileReference; lastKnownFileType = sourcecode.swift; path = ShowsViewModel.swift; sourceTree = "<group>"; };
		7507B78E286D00DB0040D202 /* SeatSelectionViewController.swift */ = {isa = PBXFileReference; lastKnownFileType = sourcecode.swift; path = SeatSelectionViewController.swift; sourceTree = "<group>"; };
		7507B790286D0DB80040D202 /* SeatCollectionViewCell.swift */ = {isa = PBXFileReference; lastKnownFileType = sourcecode.swift; path = SeatCollectionViewCell.swift; sourceTree = "<group>"; };
		7507B792286D0E9E0040D202 /* SelectedSeatCollectionViewCell.swift */ = {isa = PBXFileReference; lastKnownFileType = sourcecode.swift; path = SelectedSeatCollectionViewCell.swift; sourceTree = "<group>"; };
		7581A3CD284CC12500BEDFD3 /* GoogleService-Info.plist */ = {isa = PBXFileReference; fileEncoding = 4; lastKnownFileType = text.plist.xml; path = "GoogleService-Info.plist"; sourceTree = "<group>"; };
		7581A3DA284CEAFC00BEDFD3 /* SignInController.swift */ = {isa = PBXFileReference; lastKnownFileType = sourcecode.swift; path = SignInController.swift; sourceTree = "<group>"; };
		7581A3DC284D000400BEDFD3 /* SignUpController.swift */ = {isa = PBXFileReference; lastKnownFileType = sourcecode.swift; path = SignUpController.swift; sourceTree = "<group>"; };
		7581A3DE284D05CF00BEDFD3 /* HomePageController.swift */ = {isa = PBXFileReference; lastKnownFileType = sourcecode.swift; path = HomePageController.swift; sourceTree = "<group>"; };
		75EDC194286DBE9A00921723 /* CheckoutViewController.swift */ = {isa = PBXFileReference; lastKnownFileType = sourcecode.swift; path = CheckoutViewController.swift; sourceTree = "<group>"; };
		75EE759B284CB92D007D09A6 /* ComedyBook.app */ = {isa = PBXFileReference; explicitFileType = wrapper.application; includeInIndex = 0; path = ComedyBook.app; sourceTree = BUILT_PRODUCTS_DIR; };
		75EE759E284CB92D007D09A6 /* AppDelegate.swift */ = {isa = PBXFileReference; lastKnownFileType = sourcecode.swift; path = AppDelegate.swift; sourceTree = "<group>"; };
		75EE75A0284CB92D007D09A6 /* SceneDelegate.swift */ = {isa = PBXFileReference; lastKnownFileType = sourcecode.swift; path = SceneDelegate.swift; sourceTree = "<group>"; };
		75EE75A5284CB92D007D09A6 /* Base */ = {isa = PBXFileReference; lastKnownFileType = file.storyboard; name = Base; path = Base.lproj/Main.storyboard; sourceTree = "<group>"; };
		75EE75A7284CB930007D09A6 /* Assets.xcassets */ = {isa = PBXFileReference; lastKnownFileType = folder.assetcatalog; path = Assets.xcassets; sourceTree = "<group>"; };
		75EE75AA284CB930007D09A6 /* Base */ = {isa = PBXFileReference; lastKnownFileType = file.storyboard; name = Base; path = Base.lproj/LaunchScreen.storyboard; sourceTree = "<group>"; };
		75EE75AC284CB930007D09A6 /* Info.plist */ = {isa = PBXFileReference; lastKnownFileType = text.plist.xml; path = Info.plist; sourceTree = "<group>"; };
		75EF3963285BB50A00F3467B /* Utils.swift */ = {isa = PBXFileReference; lastKnownFileType = sourcecode.swift; path = Utils.swift; sourceTree = "<group>"; };
		75EF3965285BD4BC00F3467B /* User.swift */ = {isa = PBXFileReference; lastKnownFileType = sourcecode.swift; path = User.swift; sourceTree = "<group>"; };
		75F1620B2862725800BAB121 /* ComedianCollectionViewCell.swift */ = {isa = PBXFileReference; lastKnownFileType = sourcecode.swift; path = ComedianCollectionViewCell.swift; sourceTree = "<group>"; };
		75F1620D286274E800BAB121 /* ComediansViewModel.swift */ = {isa = PBXFileReference; lastKnownFileType = sourcecode.swift; path = ComediansViewModel.swift; sourceTree = "<group>"; };
		75FACEC8285C18BD00424133 /* UserRepository.swift */ = {isa = PBXFileReference; lastKnownFileType = sourcecode.swift; path = UserRepository.swift; sourceTree = "<group>"; };
		75FACECA285C18E900424133 /* DataRepository.swift */ = {isa = PBXFileReference; lastKnownFileType = sourcecode.swift; path = DataRepository.swift; sourceTree = "<group>"; };
		75FACECE285C19DE00424133 /* Show.swift */ = {isa = PBXFileReference; lastKnownFileType = sourcecode.swift; path = Show.swift; sourceTree = "<group>"; };
		75FACED0285C1AAC00424133 /* Seat.swift */ = {isa = PBXFileReference; lastKnownFileType = sourcecode.swift; path = Seat.swift; sourceTree = "<group>"; };
		75FACED2285C210500424133 /* Comedian.swift */ = {isa = PBXFileReference; lastKnownFileType = sourcecode.swift; path = Comedian.swift; sourceTree = "<group>"; };
		E5AE66B2D16DA975BE7F9915 /* Pods-ComedyBook.debug.xcconfig */ = {isa = PBXFileReference; includeInIndex = 1; lastKnownFileType = text.xcconfig; name = "Pods-ComedyBook.debug.xcconfig"; path = "Target Support Files/Pods-ComedyBook/Pods-ComedyBook.debug.xcconfig"; sourceTree = "<group>"; };
/* End PBXFileReference section */

/* Begin PBXFrameworksBuildPhase section */
		75EE7598284CB92D007D09A6 /* Frameworks */ = {
			isa = PBXFrameworksBuildPhase;
			buildActionMask = 2147483647;
			files = (
				8B3AB7996A2C21D443B2ABFA /* Pods_ComedyBook.framework in Frameworks */,
			);
			runOnlyForDeploymentPostprocessing = 0;
		};
/* End PBXFrameworksBuildPhase section */

/* Begin PBXGroup section */
		2FC2151670226CE29C89EC2D /* Frameworks */ = {
			isa = PBXGroup;
			children = (
				6E6836C3C934B0A8E50E9A68 /* Pods_ComedyBook.framework */,
			);
			name = Frameworks;
			sourceTree = "<group>";
		};
		5F1522DA1A43AAD795424447 /* Pods */ = {
			isa = PBXGroup;
			children = (
				E5AE66B2D16DA975BE7F9915 /* Pods-ComedyBook.debug.xcconfig */,
				34CAA8A2C37CE72DAE73F19E /* Pods-ComedyBook.release.xcconfig */,
			);
			path = Pods;
			sourceTree = "<group>";
		};
		7581A3D2284CE9AA00BEDFD3 /* Repository */ = {
			isa = PBXGroup;
			children = (
				75FACEC8285C18BD00424133 /* UserRepository.swift */,
				75FACECA285C18E900424133 /* DataRepository.swift */,
			);
			path = Repository;
			sourceTree = "<group>";
		};
		7581A3D4284CE9E300BEDFD3 /* Model */ = {
			isa = PBXGroup;
			children = (
				75EF3965285BD4BC00F3467B /* User.swift */,
				75FACECE285C19DE00424133 /* Show.swift */,
				75FACED0285C1AAC00424133 /* Seat.swift */,
				75FACED2285C210500424133 /* Comedian.swift */,
			);
			path = Model;
			sourceTree = "<group>";
		};
		7581A3D5284CE9E800BEDFD3 /* ViewModel */ = {
			isa = PBXGroup;
			children = (
				75F1620D286274E800BAB121 /* ComediansViewModel.swift */,
				7507B78C286CB9220040D202 /* ShowsViewModel.swift */,
			);
			path = ViewModel;
			sourceTree = "<group>";
		};
		7581A3D6284CE9EE00BEDFD3 /* Controller */ = {
			isa = PBXGroup;
			children = (
				7581A3DA284CEAFC00BEDFD3 /* SignInController.swift */,
				7581A3DC284D000400BEDFD3 /* SignUpController.swift */,
				7581A3DE284D05CF00BEDFD3 /* HomePageController.swift */,
				7507B78A286AED320040D202 /* ShowsViewController.swift */,
				7507B78E286D00DB0040D202 /* SeatSelectionViewController.swift */,
				75EDC194286DBE9A00921723 /* CheckoutViewController.swift */,
			);
			path = Controller;
			sourceTree = "<group>";
		};
		7581A3D7284CE9F700BEDFD3 /* Utils */ = {
			isa = PBXGroup;
			children = (
				75EF3963285BB50A00F3467B /* Utils.swift */,
			);
			path = Utils;
			sourceTree = "<group>";
		};
		75EE7592284CB92D007D09A6 = {
			isa = PBXGroup;
			children = (
				75EE759D284CB92D007D09A6 /* ComedyBook */,
				75EE759C284CB92D007D09A6 /* Products */,
				5F1522DA1A43AAD795424447 /* Pods */,
				2FC2151670226CE29C89EC2D /* Frameworks */,
			);
			sourceTree = "<group>";
		};
		75EE759C284CB92D007D09A6 /* Products */ = {
			isa = PBXGroup;
			children = (
				75EE759B284CB92D007D09A6 /* ComedyBook.app */,
			);
			name = Products;
			sourceTree = "<group>";
		};
		75EE759D284CB92D007D09A6 /* ComedyBook */ = {
			isa = PBXGroup;
			children = (
				75F1620A28626F1700BAB121 /* View */,
				7581A3D7284CE9F700BEDFD3 /* Utils */,
				7581A3D6284CE9EE00BEDFD3 /* Controller */,
				7581A3D5284CE9E800BEDFD3 /* ViewModel */,
				7581A3D4284CE9E300BEDFD3 /* Model */,
				7581A3D2284CE9AA00BEDFD3 /* Repository */,
				7581A3CD284CC12500BEDFD3 /* GoogleService-Info.plist */,
				75EE759E284CB92D007D09A6 /* AppDelegate.swift */,
				75EE75A0284CB92D007D09A6 /* SceneDelegate.swift */,
				75EE75A4284CB92D007D09A6 /* Main.storyboard */,
				75EE75A7284CB930007D09A6 /* Assets.xcassets */,
				75EE75A9284CB930007D09A6 /* LaunchScreen.storyboard */,
				75EE75AC284CB930007D09A6 /* Info.plist */,
			);
			path = ComedyBook;
			sourceTree = "<group>";
		};
		75F1620A28626F1700BAB121 /* View */ = {
			isa = PBXGroup;
			children = (
				75F1620B2862725800BAB121 /* ComedianCollectionViewCell.swift */,
				7507B788286AE4330040D202 /* ShowCollectionViewCell.swift */,
				7507B790286D0DB80040D202 /* SeatCollectionViewCell.swift */,
				7507B792286D0E9E0040D202 /* SelectedSeatCollectionViewCell.swift */,
			);
			path = View;
			sourceTree = "<group>";
		};
/* End PBXGroup section */

/* Begin PBXNativeTarget section */
		75EE759A284CB92D007D09A6 /* ComedyBook */ = {
			isa = PBXNativeTarget;
			buildConfigurationList = 75EE75AF284CB930007D09A6 /* Build configuration list for PBXNativeTarget "ComedyBook" */;
			buildPhases = (
				A9585F5F9EE4E5B7A768437E /* [CP] Check Pods Manifest.lock */,
				75EE7597284CB92D007D09A6 /* Sources */,
				75EE7598284CB92D007D09A6 /* Frameworks */,
				75EE7599284CB92D007D09A6 /* Resources */,
				877E526D5B19A67778530D8C /* [CP] Embed Pods Frameworks */,
			);
			buildRules = (
			);
			dependencies = (
			);
			name = ComedyBook;
			productName = ComedyBook;
			productReference = 75EE759B284CB92D007D09A6 /* ComedyBook.app */;
			productType = "com.apple.product-type.application";
		};
/* End PBXNativeTarget section */

/* Begin PBXProject section */
		75EE7593284CB92D007D09A6 /* Project object */ = {
			isa = PBXProject;
			attributes = {
				BuildIndependentTargetsInParallel = 1;
				LastSwiftUpdateCheck = 1340;
				LastUpgradeCheck = 1340;
				TargetAttributes = {
					75EE759A284CB92D007D09A6 = {
						CreatedOnToolsVersion = 13.4;
					};
				};
			};
			buildConfigurationList = 75EE7596284CB92D007D09A6 /* Build configuration list for PBXProject "ComedyBook" */;
			compatibilityVersion = "Xcode 13.0";
			developmentRegion = en;
			hasScannedForEncodings = 0;
			knownRegions = (
				en,
				Base,
			);
			mainGroup = 75EE7592284CB92D007D09A6;
			productRefGroup = 75EE759C284CB92D007D09A6 /* Products */;
			projectDirPath = "";
			projectRoot = "";
			targets = (
				75EE759A284CB92D007D09A6 /* ComedyBook */,
			);
		};
/* End PBXProject section */

/* Begin PBXResourcesBuildPhase section */
		75EE7599284CB92D007D09A6 /* Resources */ = {
			isa = PBXResourcesBuildPhase;
			buildActionMask = 2147483647;
			files = (
				75EE75AB284CB930007D09A6 /* LaunchScreen.storyboard in Resources */,
				7581A3CE284CC12500BEDFD3 /* GoogleService-Info.plist in Resources */,
				75EE75A8284CB930007D09A6 /* Assets.xcassets in Resources */,
				75EE75A6284CB92D007D09A6 /* Main.storyboard in Resources */,
			);
			runOnlyForDeploymentPostprocessing = 0;
		};
/* End PBXResourcesBuildPhase section */

/* Begin PBXShellScriptBuildPhase section */
		877E526D5B19A67778530D8C /* [CP] Embed Pods Frameworks */ = {
			isa = PBXShellScriptBuildPhase;
			buildActionMask = 2147483647;
			files = (
			);
			inputFileListPaths = (
				"${PODS_ROOT}/Target Support Files/Pods-ComedyBook/Pods-ComedyBook-frameworks-${CONFIGURATION}-input-files.xcfilelist",
			);
			name = "[CP] Embed Pods Frameworks";
			outputFileListPaths = (
				"${PODS_ROOT}/Target Support Files/Pods-ComedyBook/Pods-ComedyBook-frameworks-${CONFIGURATION}-output-files.xcfilelist",
			);
			runOnlyForDeploymentPostprocessing = 0;
			shellPath = /bin/sh;
			shellScript = "\"${PODS_ROOT}/Target Support Files/Pods-ComedyBook/Pods-ComedyBook-frameworks.sh\"\n";
			showEnvVarsInLog = 0;
		};
		A9585F5F9EE4E5B7A768437E /* [CP] Check Pods Manifest.lock */ = {
			isa = PBXShellScriptBuildPhase;
			buildActionMask = 2147483647;
			files = (
			);
			inputFileListPaths = (
			);
			inputPaths = (
				"${PODS_PODFILE_DIR_PATH}/Podfile.lock",
				"${PODS_ROOT}/Manifest.lock",
			);
			name = "[CP] Check Pods Manifest.lock";
			outputFileListPaths = (
			);
			outputPaths = (
				"$(DERIVED_FILE_DIR)/Pods-ComedyBook-checkManifestLockResult.txt",
			);
			runOnlyForDeploymentPostprocessing = 0;
			shellPath = /bin/sh;
			shellScript = "diff \"${PODS_PODFILE_DIR_PATH}/Podfile.lock\" \"${PODS_ROOT}/Manifest.lock\" > /dev/null\nif [ $? != 0 ] ; then\n    # print error to STDERR\n    echo \"error: The sandbox is not in sync with the Podfile.lock. Run 'pod install' or update your CocoaPods installation.\" >&2\n    exit 1\nfi\n# This output is used by Xcode 'outputs' to avoid re-running this script phase.\necho \"SUCCESS\" > \"${SCRIPT_OUTPUT_FILE_0}\"\n";
			showEnvVarsInLog = 0;
		};
/* End PBXShellScriptBuildPhase section */

/* Begin PBXSourcesBuildPhase section */
		75EE7597284CB92D007D09A6 /* Sources */ = {
			isa = PBXSourcesBuildPhase;
			buildActionMask = 2147483647;
			files = (
				7581A3DB284CEAFC00BEDFD3 /* SignInController.swift in Sources */,
				7507B78D286CB9220040D202 /* ShowsViewModel.swift in Sources */,
				7581A3DF284D05CF00BEDFD3 /* HomePageController.swift in Sources */,
				75F1620E286274E800BAB121 /* ComediansViewModel.swift in Sources */,
				75FACED1285C1AAC00424133 /* Seat.swift in Sources */,
				7507B789286AE4330040D202 /* ShowCollectionViewCell.swift in Sources */,
				7507B78F286D00DB0040D202 /* SeatSelectionViewController.swift in Sources */,
				75F1620C2862725800BAB121 /* ComedianCollectionViewCell.swift in Sources */,
				7507B793286D0E9E0040D202 /* SelectedSeatCollectionViewCell.swift in Sources */,
				75EE759F284CB92D007D09A6 /* AppDelegate.swift in Sources */,
				7507B78B286AED320040D202 /* ShowsViewController.swift in Sources */,
				7507B791286D0DB80040D202 /* SeatCollectionViewCell.swift in Sources */,
				75EE75A1284CB92D007D09A6 /* SceneDelegate.swift in Sources */,
				75EDC195286DBE9A00921723 /* CheckoutViewController.swift in Sources */,
				75FACED3285C210500424133 /* Comedian.swift in Sources */,
				7581A3DD284D000400BEDFD3 /* SignUpController.swift in Sources */,
				75EF3964285BB50A00F3467B /* Utils.swift in Sources */,
				75FACECB285C18E900424133 /* DataRepository.swift in Sources */,
				75FACEC9285C18BD00424133 /* UserRepository.swift in Sources */,
				75EF3966285BD4BC00F3467B /* User.swift in Sources */,
				75FACECF285C19DE00424133 /* Show.swift in Sources */,
			);
			runOnlyForDeploymentPostprocessing = 0;
		};
/* End PBXSourcesBuildPhase section */

/* Begin PBXVariantGroup section */
		75EE75A4284CB92D007D09A6 /* Main.storyboard */ = {
			isa = PBXVariantGroup;
			children = (
				75EE75A5284CB92D007D09A6 /* Base */,
			);
			name = Main.storyboard;
			sourceTree = "<group>";
		};
		75EE75A9284CB930007D09A6 /* LaunchScreen.storyboard */ = {
			isa = PBXVariantGroup;
			children = (
				75EE75AA284CB930007D09A6 /* Base */,
			);
			name = LaunchScreen.storyboard;
			sourceTree = "<group>";
		};
/* End PBXVariantGroup section */

/* Begin XCBuildConfiguration section */
		75EE75AD284CB930007D09A6 /* Debug */ = {
			isa = XCBuildConfiguration;
			buildSettings = {
				ALWAYS_SEARCH_USER_PATHS = NO;
				CLANG_ANALYZER_NONNULL = YES;
				CLANG_ANALYZER_NUMBER_OBJECT_CONVERSION = YES_AGGRESSIVE;
				CLANG_CXX_LANGUAGE_STANDARD = "gnu++17";
				CLANG_ENABLE_MODULES = YES;
				CLANG_ENABLE_OBJC_ARC = YES;
				CLANG_ENABLE_OBJC_WEAK = YES;
				CLANG_WARN_BLOCK_CAPTURE_AUTORELEASING = YES;
				CLANG_WARN_BOOL_CONVERSION = YES;
				CLANG_WARN_COMMA = YES;
				CLANG_WARN_CONSTANT_CONVERSION = YES;
				CLANG_WARN_DEPRECATED_OBJC_IMPLEMENTATIONS = YES;
				CLANG_WARN_DIRECT_OBJC_ISA_USAGE = YES_ERROR;
				CLANG_WARN_DOCUMENTATION_COMMENTS = YES;
				CLANG_WARN_EMPTY_BODY = YES;
				CLANG_WARN_ENUM_CONVERSION = YES;
				CLANG_WARN_INFINITE_RECURSION = YES;
				CLANG_WARN_INT_CONVERSION = YES;
				CLANG_WARN_NON_LITERAL_NULL_CONVERSION = YES;
				CLANG_WARN_OBJC_IMPLICIT_RETAIN_SELF = YES;
				CLANG_WARN_OBJC_LITERAL_CONVERSION = YES;
				CLANG_WARN_OBJC_ROOT_CLASS = YES_ERROR;
				CLANG_WARN_QUOTED_INCLUDE_IN_FRAMEWORK_HEADER = YES;
				CLANG_WARN_RANGE_LOOP_ANALYSIS = YES;
				CLANG_WARN_STRICT_PROTOTYPES = YES;
				CLANG_WARN_SUSPICIOUS_MOVE = YES;
				CLANG_WARN_UNGUARDED_AVAILABILITY = YES_AGGRESSIVE;
				CLANG_WARN_UNREACHABLE_CODE = YES;
				CLANG_WARN__DUPLICATE_METHOD_MATCH = YES;
				COPY_PHASE_STRIP = NO;
				DEBUG_INFORMATION_FORMAT = dwarf;
				ENABLE_STRICT_OBJC_MSGSEND = YES;
				ENABLE_TESTABILITY = YES;
				GCC_C_LANGUAGE_STANDARD = gnu11;
				GCC_DYNAMIC_NO_PIC = NO;
				GCC_NO_COMMON_BLOCKS = YES;
				GCC_OPTIMIZATION_LEVEL = 0;
				GCC_PREPROCESSOR_DEFINITIONS = (
					"DEBUG=1",
					"$(inherited)",
				);
				GCC_WARN_64_TO_32_BIT_CONVERSION = YES;
				GCC_WARN_ABOUT_RETURN_TYPE = YES_ERROR;
				GCC_WARN_UNDECLARED_SELECTOR = YES;
				GCC_WARN_UNINITIALIZED_AUTOS = YES_AGGRESSIVE;
				GCC_WARN_UNUSED_FUNCTION = YES;
				GCC_WARN_UNUSED_VARIABLE = YES;
				IPHONEOS_DEPLOYMENT_TARGET = 15.5;
				MTL_ENABLE_DEBUG_INFO = INCLUDE_SOURCE;
				MTL_FAST_MATH = YES;
				ONLY_ACTIVE_ARCH = YES;
				SDKROOT = iphoneos;
				SWIFT_ACTIVE_COMPILATION_CONDITIONS = DEBUG;
				SWIFT_OPTIMIZATION_LEVEL = "-Onone";
			};
			name = Debug;
		};
		75EE75AE284CB930007D09A6 /* Release */ = {
			isa = XCBuildConfiguration;
			buildSettings = {
				ALWAYS_SEARCH_USER_PATHS = NO;
				CLANG_ANALYZER_NONNULL = YES;
				CLANG_ANALYZER_NUMBER_OBJECT_CONVERSION = YES_AGGRESSIVE;
				CLANG_CXX_LANGUAGE_STANDARD = "gnu++17";
				CLANG_ENABLE_MODULES = YES;
				CLANG_ENABLE_OBJC_ARC = YES;
				CLANG_ENABLE_OBJC_WEAK = YES;
				CLANG_WARN_BLOCK_CAPTURE_AUTORELEASING = YES;
				CLANG_WARN_BOOL_CONVERSION = YES;
				CLANG_WARN_COMMA = YES;
				CLANG_WARN_CONSTANT_CONVERSION = YES;
				CLANG_WARN_DEPRECATED_OBJC_IMPLEMENTATIONS = YES;
				CLANG_WARN_DIRECT_OBJC_ISA_USAGE = YES_ERROR;
				CLANG_WARN_DOCUMENTATION_COMMENTS = YES;
				CLANG_WARN_EMPTY_BODY = YES;
				CLANG_WARN_ENUM_CONVERSION = YES;
				CLANG_WARN_INFINITE_RECURSION = YES;
				CLANG_WARN_INT_CONVERSION = YES;
				CLANG_WARN_NON_LITERAL_NULL_CONVERSION = YES;
				CLANG_WARN_OBJC_IMPLICIT_RETAIN_SELF = YES;
				CLANG_WARN_OBJC_LITERAL_CONVERSION = YES;
				CLANG_WARN_OBJC_ROOT_CLASS = YES_ERROR;
				CLANG_WARN_QUOTED_INCLUDE_IN_FRAMEWORK_HEADER = YES;
				CLANG_WARN_RANGE_LOOP_ANALYSIS = YES;
				CLANG_WARN_STRICT_PROTOTYPES = YES;
				CLANG_WARN_SUSPICIOUS_MOVE = YES;
				CLANG_WARN_UNGUARDED_AVAILABILITY = YES_AGGRESSIVE;
				CLANG_WARN_UNREACHABLE_CODE = YES;
				CLANG_WARN__DUPLICATE_METHOD_MATCH = YES;
				COPY_PHASE_STRIP = NO;
				DEBUG_INFORMATION_FORMAT = "dwarf-with-dsym";
				ENABLE_NS_ASSERTIONS = NO;
				ENABLE_STRICT_OBJC_MSGSEND = YES;
				GCC_C_LANGUAGE_STANDARD = gnu11;
				GCC_NO_COMMON_BLOCKS = YES;
				GCC_WARN_64_TO_32_BIT_CONVERSION = YES;
				GCC_WARN_ABOUT_RETURN_TYPE = YES_ERROR;
				GCC_WARN_UNDECLARED_SELECTOR = YES;
				GCC_WARN_UNINITIALIZED_AUTOS = YES_AGGRESSIVE;
				GCC_WARN_UNUSED_FUNCTION = YES;
				GCC_WARN_UNUSED_VARIABLE = YES;
				IPHONEOS_DEPLOYMENT_TARGET = 15.5;
				MTL_ENABLE_DEBUG_INFO = NO;
				MTL_FAST_MATH = YES;
				SDKROOT = iphoneos;
				SWIFT_COMPILATION_MODE = wholemodule;
				SWIFT_OPTIMIZATION_LEVEL = "-O";
				VALIDATE_PRODUCT = YES;
			};
			name = Release;
		};
		75EE75B0284CB930007D09A6 /* Debug */ = {
			isa = XCBuildConfiguration;
			baseConfigurationReference = E5AE66B2D16DA975BE7F9915 /* Pods-ComedyBook.debug.xcconfig */;
			buildSettings = {
				ASSETCATALOG_COMPILER_APPICON_NAME = AppIcon;
				ASSETCATALOG_COMPILER_GLOBAL_ACCENT_COLOR_NAME = AccentColor;
				CODE_SIGN_STYLE = Automatic;
				CURRENT_PROJECT_VERSION = 1;
				GENERATE_INFOPLIST_FILE = YES;
				INFOPLIST_FILE = ComedyBook/Info.plist;
				INFOPLIST_KEY_UIApplicationSupportsIndirectInputEvents = YES;
				INFOPLIST_KEY_UILaunchStoryboardName = LaunchScreen;
				INFOPLIST_KEY_UIMainStoryboardFile = Main;
				INFOPLIST_KEY_UISupportedInterfaceOrientations_iPad = "UIInterfaceOrientationPortrait UIInterfaceOrientationPortraitUpsideDown UIInterfaceOrientationLandscapeLeft UIInterfaceOrientationLandscapeRight";
				INFOPLIST_KEY_UISupportedInterfaceOrientations_iPhone = "UIInterfaceOrientationPortrait UIInterfaceOrientationLandscapeLeft UIInterfaceOrientationLandscapeRight";
				LD_RUNPATH_SEARCH_PATHS = (
					"$(inherited)",
					"@executable_path/Frameworks",
				);
				MARKETING_VERSION = 1.0;
				PRODUCT_BUNDLE_IDENTIFIER = com.vladi.ComedyBook;
				PRODUCT_NAME = "$(TARGET_NAME)";
				SWIFT_EMIT_LOC_STRINGS = YES;
				SWIFT_VERSION = 5.0;
				TARGETED_DEVICE_FAMILY = "1,2";
			};
			name = Debug;
		};
		75EE75B1284CB930007D09A6 /* Release */ = {
			isa = XCBuildConfiguration;
			baseConfigurationReference = 34CAA8A2C37CE72DAE73F19E /* Pods-ComedyBook.release.xcconfig */;
			buildSettings = {
				ASSETCATALOG_COMPILER_APPICON_NAME = AppIcon;
				ASSETCATALOG_COMPILER_GLOBAL_ACCENT_COLOR_NAME = AccentColor;
				CODE_SIGN_STYLE = Automatic;
				CURRENT_PROJECT_VERSION = 1;
				GENERATE_INFOPLIST_FILE = YES;
				INFOPLIST_FILE = ComedyBook/Info.plist;
				INFOPLIST_KEY_UIApplicationSupportsIndirectInputEvents = YES;
				INFOPLIST_KEY_UILaunchStoryboardName = LaunchScreen;
				INFOPLIST_KEY_UIMainStoryboardFile = Main;
				INFOPLIST_KEY_UISupportedInterfaceOrientations_iPad = "UIInterfaceOrientationPortrait UIInterfaceOrientationPortraitUpsideDown UIInterfaceOrientationLandscapeLeft UIInterfaceOrientationLandscapeRight";
				INFOPLIST_KEY_UISupportedInterfaceOrientations_iPhone = "UIInterfaceOrientationPortrait UIInterfaceOrientationLandscapeLeft UIInterfaceOrientationLandscapeRight";
				LD_RUNPATH_SEARCH_PATHS = (
					"$(inherited)",
					"@executable_path/Frameworks",
				);
				MARKETING_VERSION = 1.0;
				PRODUCT_BUNDLE_IDENTIFIER = com.vladi.ComedyBook;
				PRODUCT_NAME = "$(TARGET_NAME)";
				SWIFT_EMIT_LOC_STRINGS = YES;
				SWIFT_VERSION = 5.0;
				TARGETED_DEVICE_FAMILY = "1,2";
			};
			name = Release;
		};
/* End XCBuildConfiguration section */

/* Begin XCConfigurationList section */
		75EE7596284CB92D007D09A6 /* Build configuration list for PBXProject "ComedyBook" */ = {
			isa = XCConfigurationList;
			buildConfigurations = (
				75EE75AD284CB930007D09A6 /* Debug */,
				75EE75AE284CB930007D09A6 /* Release */,
			);
			defaultConfigurationIsVisible = 0;
			defaultConfigurationName = Release;
		};
		75EE75AF284CB930007D09A6 /* Build configuration list for PBXNativeTarget "ComedyBook" */ = {
			isa = XCConfigurationList;
			buildConfigurations = (
				75EE75B0284CB930007D09A6 /* Debug */,
				75EE75B1284CB930007D09A6 /* Release */,
			);
			defaultConfigurationIsVisible = 0;
			defaultConfigurationName = Release;
		};
/* End XCConfigurationList section */
	};
	rootObject = 75EE7593284CB92D007D09A6 /* Project object */;
}
